<?xml version="1.0" encoding="utf-8"?>
<Project ToolsVersion="4.0" xmlns="http://schemas.microsoft.com/developer/msbuild/2003">
  <ItemGroup>
    <Filter Include="Source Files">
      <UniqueIdentifier>{4FC737F1-C7A5-4376-A066-2A32D752A2FF}</UniqueIdentifier>
      <Extensions>cpp;c;cc;cxx;def;odl;idl;hpj;bat;asm;asmx</Extensions>
    </Filter>
    <Filter Include="Header Files">
      <UniqueIdentifier>{93995380-89BD-4b04-88EB-625FBE52EBFB}</UniqueIdentifier>
      <Extensions>h;hpp;hxx;hm;inl;inc;xsd</Extensions>
    </Filter>
    <Filter Include="Resource Files">
      <UniqueIdentifier>{67DA6AB6-F800-4c08-8B7A-83BB121AAD01}</UniqueIdentifier>
      <Extensions>rc;ico;cur;bmp;dlg;rc2;rct;bin;rgs;gif;jpg;jpeg;jpe;resx;tiff;tif;png;wav;mfcribbon-ms</Extensions>
    </Filter>
  </ItemGroup>
  <ItemGroup>
    <ClInclude Include="targetver.h">
      <Filter>Header Files</Filter>
    </ClInclude>
    <ClInclude Include="blocks.h">
      <Filter>Header Files</Filter>
    </ClInclude>
    <ClInclude Include="conversions.h">
      <Filter>Header Files</Filter>
    </ClInclude>
    <ClInclude Include="cudaHOG.h">
      <Filter>Header Files</Filter>
    </ClInclude>
    <ClInclude Include="descriptor.h">
      <Filter>Header Files</Filter>
    </ClInclude>
    <ClInclude Include="detections.h">
      <Filter>Header Files</Filter>
    </ClInclude>
    <ClInclude Include="global.h">
      <Filter>Header Files</Filter>
    </ClInclude>
    <ClInclude Include="gradients.h">
      <Filter>Header Files</Filter>
    </ClInclude>
    <ClInclude Include="hog.h">
      <Filter>Header Files</Filter>
    </ClInclude>
    <ClInclude Include="nms.h">
      <Filter>Header Files</Filter>
    </ClInclude>
    <ClInclude Include="padding.h">
      <Filter>Header Files</Filter>
    </ClInclude>
    <ClInclude Include="parameters.h">
      <Filter>Header Files</Filter>
    </ClInclude>
    <ClInclude Include="roi.h">
      <Filter>Header Files</Filter>
    </ClInclude>
    <ClInclude Include="svm.h">
      <Filter>Header Files</Filter>
    </ClInclude>
    <ClInclude Include="timer.h">
      <Filter>Header Files</Filter>
    </ClInclude>
    <ClInclude Include="Matrix.h">
      <Filter>Header Files</Filter>
    </ClInclude>
    <ClInclude Include="Vector.h">
      <Filter>Header Files</Filter>
    </ClInclude>
  </ItemGroup>
  <ItemGroup>
    <ClCompile Include="cudaHOG.cpp">
      <Filter>Source Files</Filter>
    </ClCompile>
    <ClCompile Include="parameters.cpp">
      <Filter>Source Files</Filter>
    </ClCompile>
  </ItemGroup>
  <ItemGroup>
    <CudaCompile Include="conversions.cu">
      <Filter>Source Files</Filter>
    </CudaCompile>
    <CudaCompile Include="descriptor.cu">
      <Filter>Source Files</Filter>
    </CudaCompile>
    <CudaCompile Include="detections.cu">
      <Filter>Source Files</Filter>
    </CudaCompile>
    <CudaCompile Include="gradients.cu">
      <Filter>Source Files</Filter>
    </CudaCompile>
    <CudaCompile Include="hog.cu">
      <Filter>Source Files</Filter>
    </CudaCompile>
    <CudaCompile Include="nms.cu">
      <Filter>Source Files</Filter>
    </CudaCompile>
    <CudaCompile Include="padding.cu">
      <Filter>Source Files</Filter>
    </CudaCompile>
    <CudaCompile Include="svm.cu">
      <Filter>Source Files</Filter>
    </CudaCompile>
    <CudaCompile Include="timer.cu">
      <Filter>Source Files</Filter>
    </CudaCompile>
    <CudaCompile Include="blocks.cu">
      <Filter>Source Files</Filter>
    </CudaCompile>
  </ItemGroup>
</Project>